{
  "version": 4,
  "terraform_version": "1.0.3",
  "serial": 15,
  "lineage": "673f4f1e-d424-364f-72d7-19f542cf840d",
  "outputs": {},
  "resources": [
    {
      "module": "module.Module",
      "mode": "managed",
      "type": "azurerm_resource_group",
      "name": "rgname",
      "provider": "module.Module.provider[\"registry.terraform.io/hashicorp/azurerm\"]",
      "instances": [
        {
          "schema_version": 0,
          "attributes": {
            "id": "/subscriptions/0270519f-3d51-47ca-ae4c-bd1cac80a8af/resourceGroups/venutryrg",
            "location": "uksouth",
            "name": "venutryrg",
            "tags": {},
            "timeouts": null
          },
          "sensitive_attributes": [],
          "private": "eyJlMmJmYjczMC1lY2FhLTExZTYtOGY4OC0zNDM2M2JjN2M0YzAiOnsiY3JlYXRlIjo1NDAwMDAwMDAwMDAwLCJkZWxldGUiOjU0MDAwMDAwMDAwMDAsInJlYWQiOjMwMDAwMDAwMDAwMCwidXBkYXRlIjo1NDAwMDAwMDAwMDAwfX0="
        }
      ]
    },
    {
      "module": "module.Module",
      "mode": "managed",
      "type": "azurerm_subnet",
      "name": "sub1",
      "provider": "module.Module.provider[\"registry.terraform.io/hashicorp/azurerm\"]",
      "instances": [
        {
          "index_key": 0,
          "schema_version": 0,
          "attributes": {
            "address_prefix": "10.0.1.0/24",
            "address_prefixes": [
              "10.0.1.0/24"
            ],
            "delegation": [],
            "enforce_private_link_endpoint_network_policies": false,
            "enforce_private_link_service_network_policies": false,
            "id": "/subscriptions/0270519f-3d51-47ca-ae4c-bd1cac80a8af/resourceGroups/venutryrg/providers/Microsoft.Network/virtualNetworks/vnettest/subnets/subnet_1",
            "name": "subnet_1",
            "resource_group_name": "venutryrg",
            "service_endpoint_policy_ids": null,
            "service_endpoints": null,
            "timeouts": null,
            "virtual_network_name": "vnettest"
          },
          "sensitive_attributes": [],
          "private": "eyJlMmJmYjczMC1lY2FhLTExZTYtOGY4OC0zNDM2M2JjN2M0YzAiOnsiY3JlYXRlIjoxODAwMDAwMDAwMDAwLCJkZWxldGUiOjE4MDAwMDAwMDAwMDAsInJlYWQiOjMwMDAwMDAwMDAwMCwidXBkYXRlIjoxODAwMDAwMDAwMDAwfX0=",
          "dependencies": [
            "module.Module.azurerm_resource_group.rgname"
          ]
        },
        {
          "index_key": 1,
          "schema_version": 0,
          "attributes": {
            "address_prefix": "10.0.2.0/24",
            "address_prefixes": [
              "10.0.2.0/24"
            ],
            "delegation": [],
            "enforce_private_link_endpoint_network_policies": false,
            "enforce_private_link_service_network_policies": false,
            "id": "/subscriptions/0270519f-3d51-47ca-ae4c-bd1cac80a8af/resourceGroups/venutryrg/providers/Microsoft.Network/virtualNetworks/vnettest/subnets/subnet_2",
            "name": "subnet_2",
            "resource_group_name": "venutryrg",
            "service_endpoint_policy_ids": null,
            "service_endpoints": null,
            "timeouts": null,
            "virtual_network_name": "vnettest"
          },
          "sensitive_attributes": [],
          "private": "eyJlMmJmYjczMC1lY2FhLTExZTYtOGY4OC0zNDM2M2JjN2M0YzAiOnsiY3JlYXRlIjoxODAwMDAwMDAwMDAwLCJkZWxldGUiOjE4MDAwMDAwMDAwMDAsInJlYWQiOjMwMDAwMDAwMDAwMCwidXBkYXRlIjoxODAwMDAwMDAwMDAwfX0=",
          "dependencies": [
            "module.Module.azurerm_resource_group.rgname"
          ]
        },
        {
          "index_key": 2,
          "schema_version": 0,
          "attributes": {
            "address_prefix": "10.0.3.0/24",
            "address_prefixes": [
              "10.0.3.0/24"
            ],
            "delegation": [],
            "enforce_private_link_endpoint_network_policies": false,
            "enforce_private_link_service_network_policies": false,
            "id": "/subscriptions/0270519f-3d51-47ca-ae4c-bd1cac80a8af/resourceGroups/venutryrg/providers/Microsoft.Network/virtualNetworks/vnettest/subnets/subnet_3",
            "name": "subnet_3",
            "resource_group_name": "venutryrg",
            "service_endpoint_policy_ids": null,
            "service_endpoints": null,
            "timeouts": null,
            "virtual_network_name": "vnettest"
          },
          "sensitive_attributes": [],
          "private": "eyJlMmJmYjczMC1lY2FhLTExZTYtOGY4OC0zNDM2M2JjN2M0YzAiOnsiY3JlYXRlIjoxODAwMDAwMDAwMDAwLCJkZWxldGUiOjE4MDAwMDAwMDAwMDAsInJlYWQiOjMwMDAwMDAwMDAwMCwidXBkYXRlIjoxODAwMDAwMDAwMDAwfX0=",
          "dependencies": [
            "module.Module.azurerm_resource_group.rgname"
          ]
        }
      ]
    },
    {
      "module": "module.Module",
      "mode": "managed",
      "type": "azurerm_virtual_network",
      "name": "vnetname",
      "provider": "module.Module.provider[\"registry.terraform.io/hashicorp/azurerm\"]",
      "instances": [
        {
          "schema_version": 0,
          "attributes": {
            "address_space": [
              "10.0.0.0/16"
            ],
            "bgp_community": "",
            "ddos_protection_plan": [],
            "dns_servers": [],
            "guid": "3312b136-5309-4f45-836a-538be63450c3",
            "id": "/subscriptions/0270519f-3d51-47ca-ae4c-bd1cac80a8af/resourceGroups/venutryrg/providers/Microsoft.Network/virtualNetworks/vnettest",
            "location": "uksouth",
            "name": "vnettest",
            "resource_group_name": "venutryrg",
            "subnet": [],
            "tags": {},
            "timeouts": null,
            "vm_protection_enabled": false
          },
          "sensitive_attributes": [],
          "private": "eyJlMmJmYjczMC1lY2FhLTExZTYtOGY4OC0zNDM2M2JjN2M0YzAiOnsiY3JlYXRlIjoxODAwMDAwMDAwMDAwLCJkZWxldGUiOjE4MDAwMDAwMDAwMDAsInJlYWQiOjMwMDAwMDAwMDAwMCwidXBkYXRlIjoxODAwMDAwMDAwMDAwfX0=",
          "dependencies": [
            "module.Module.azurerm_resource_group.rgname"
          ]
        }
      ]
    }
  ]
}
